
Microsoft Visual Studio Solution File, Format Version 12.00
# Visual Studio Version 17
VisualStudioVersion = 17.0.31903.59
MinimumVisualStudioVersion = 10.0.40219.1
Project("{2150E333-8FDC-42A3-9474-1A3956D46DE8}") = "src", "src", "{827E0CD3-B72D-47B6-A68D-7590B98EB39B}"
EndProject
Project("{FAE04EC0-301F-11D3-BF4B-00C04F79EFBC}") = "SparkRaftSharp", "src\SparkRaftSharp\SparkRaftSharp.csproj", "{2AF50C6A-FE82-4598-924F-37521D6686DB}"
EndProject
Project("{2150E333-8FDC-42A3-9474-1A3956D46DE8}") = "tests", "tests", "{0AB3BF05-4346-4AA6-1389-037BE0695223}"
EndProject
Project("{FAE04EC0-301F-11D3-BF4B-00C04F79EFBC}") = "SparkRaftSharp.Tests", "tests\SparkRaftSharp.Tests\SparkRaftSharp.Tests.csproj", "{3B41C60C-545A-4406-9B71-EF2859CF24C3}"
EndProject
Project("{2150E333-8FDC-42A3-9474-1A3956D46DE8}") = "samples", "samples", "{5D20AA90-6969-D8BD-9DCD-8634F4692FDA}"
EndProject
Project("{FAE04EC0-301F-11D3-BF4B-00C04F79EFBC}") = "SimpleCluster", "samples\SimpleCluster\SimpleCluster.csproj", "{09D3FD04-0E51-4275-B1AD-BBF5378DB59A}"
EndProject
Global
	GlobalSection(SolutionConfigurationPlatforms) = preSolution
		Debug|Any CPU = Debug|Any CPU
		Debug|x64 = Debug|x64
		Debug|x86 = Debug|x86
		Release|Any CPU = Release|Any CPU
		Release|x64 = Release|x64
		Release|x86 = Release|x86
	EndGlobalSection
	GlobalSection(ProjectConfigurationPlatforms) = postSolution
		{2AF50C6A-FE82-4598-924F-37521D6686DB}.Debug|Any CPU.ActiveCfg = Debug|Any CPU
		{2AF50C6A-FE82-4598-924F-37521D6686DB}.Debug|Any CPU.Build.0 = Debug|Any CPU
		{2AF50C6A-FE82-4598-924F-37521D6686DB}.Debug|x64.ActiveCfg = Debug|Any CPU
		{2AF50C6A-FE82-4598-924F-37521D6686DB}.Debug|x64.Build.0 = Debug|Any CPU
		{2AF50C6A-FE82-4598-924F-37521D6686DB}.Debug|x86.ActiveCfg = Debug|Any CPU
		{2AF50C6A-FE82-4598-924F-37521D6686DB}.Debug|x86.Build.0 = Debug|Any CPU
		{2AF50C6A-FE82-4598-924F-37521D6686DB}.Release|Any CPU.ActiveCfg = Release|Any CPU
		{2AF50C6A-FE82-4598-924F-37521D6686DB}.Release|Any CPU.Build.0 = Release|Any CPU
		{2AF50C6A-FE82-4598-924F-37521D6686DB}.Release|x64.ActiveCfg = Release|Any CPU
		{2AF50C6A-FE82-4598-924F-37521D6686DB}.Release|x64.Build.0 = Release|Any CPU
		{2AF50C6A-FE82-4598-924F-37521D6686DB}.Release|x86.ActiveCfg = Release|Any CPU
		{2AF50C6A-FE82-4598-924F-37521D6686DB}.Release|x86.Build.0 = Release|Any CPU
		{3B41C60C-545A-4406-9B71-EF2859CF24C3}.Debug|Any CPU.ActiveCfg = Debug|Any CPU
		{3B41C60C-545A-4406-9B71-EF2859CF24C3}.Debug|Any CPU.Build.0 = Debug|Any CPU
		{3B41C60C-545A-4406-9B71-EF2859CF24C3}.Debug|x64.ActiveCfg = Debug|Any CPU
		{3B41C60C-545A-4406-9B71-EF2859CF24C3}.Debug|x64.Build.0 = Debug|Any CPU
		{3B41C60C-545A-4406-9B71-EF2859CF24C3}.Debug|x86.ActiveCfg = Debug|Any CPU
		{3B41C60C-545A-4406-9B71-EF2859CF24C3}.Debug|x86.Build.0 = Debug|Any CPU
		{3B41C60C-545A-4406-9B71-EF2859CF24C3}.Release|Any CPU.ActiveCfg = Release|Any CPU
		{3B41C60C-545A-4406-9B71-EF2859CF24C3}.Release|Any CPU.Build.0 = Release|Any CPU
		{3B41C60C-545A-4406-9B71-EF2859CF24C3}.Release|x64.ActiveCfg = Release|Any CPU
		{3B41C60C-545A-4406-9B71-EF2859CF24C3}.Release|x64.Build.0 = Release|Any CPU
		{3B41C60C-545A-4406-9B71-EF2859CF24C3}.Release|x86.ActiveCfg = Release|Any CPU
		{3B41C60C-545A-4406-9B71-EF2859CF24C3}.Release|x86.Build.0 = Release|Any CPU
		{09D3FD04-0E51-4275-B1AD-BBF5378DB59A}.Debug|Any CPU.ActiveCfg = Debug|Any CPU
		{09D3FD04-0E51-4275-B1AD-BBF5378DB59A}.Debug|Any CPU.Build.0 = Debug|Any CPU
		{09D3FD04-0E51-4275-B1AD-BBF5378DB59A}.Debug|x64.ActiveCfg = Debug|Any CPU
		{09D3FD04-0E51-4275-B1AD-BBF5378DB59A}.Debug|x64.Build.0 = Debug|Any CPU
		{09D3FD04-0E51-4275-B1AD-BBF5378DB59A}.Debug|x86.ActiveCfg = Debug|Any CPU
		{09D3FD04-0E51-4275-B1AD-BBF5378DB59A}.Debug|x86.Build.0 = Debug|Any CPU
		{09D3FD04-0E51-4275-B1AD-BBF5378DB59A}.Release|Any CPU.ActiveCfg = Release|Any CPU
		{09D3FD04-0E51-4275-B1AD-BBF5378DB59A}.Release|Any CPU.Build.0 = Release|Any CPU
		{09D3FD04-0E51-4275-B1AD-BBF5378DB59A}.Release|x64.ActiveCfg = Release|Any CPU
		{09D3FD04-0E51-4275-B1AD-BBF5378DB59A}.Release|x64.Build.0 = Release|Any CPU
		{09D3FD04-0E51-4275-B1AD-BBF5378DB59A}.Release|x86.ActiveCfg = Release|Any CPU
		{09D3FD04-0E51-4275-B1AD-BBF5378DB59A}.Release|x86.Build.0 = Release|Any CPU
	EndGlobalSection
	GlobalSection(SolutionProperties) = preSolution
		HideSolutionNode = FALSE
	EndGlobalSection
	GlobalSection(NestedProjects) = preSolution
		{2AF50C6A-FE82-4598-924F-37521D6686DB} = {827E0CD3-B72D-47B6-A68D-7590B98EB39B}
		{3B41C60C-545A-4406-9B71-EF2859CF24C3} = {0AB3BF05-4346-4AA6-1389-037BE0695223}
		{09D3FD04-0E51-4275-B1AD-BBF5378DB59A} = {5D20AA90-6969-D8BD-9DCD-8634F4692FDA}
	EndGlobalSection
EndGlobal
